
Microsoft Visual Studio Solution File, Format Version 12.00
# Visual Studio 15
VisualStudioVersion = 15.0.28307.421
MinimumVisualStudioVersion = 10.0.40219.1
Project("{FAE04EC0-301F-11D3-BF4B-00C04F79EFBC}") = "MicUnmute", "MicUnmute\MicUnmute.csproj", "{77D7BFA0-C497-4AC0-A8F4-91C46D8809DD}"
EndProject
Global
	GlobalSection(SolutionConfigurationPlatforms) = preSolution
		Debug|Any CPU = Debug|Any CPU
		Release|Any CPU = Release|Any CPU
	EndGlobalSection
	GlobalSection(ProjectConfigurationPlatforms) = postSolution
		{77D7BFA0-C497-4AC0-A8F4-91C46D8809DD}.Debug|Any CPU.ActiveCfg = Debug|Any CPU
		{77D7BFA0-C497-4AC0-A8F4-91C46D8809DD}.Debug|Any CPU.Build.0 = Debug|Any CPU
		{77D7BFA0-C497-4AC0-A8F4-91C46D8809DD}.Release|Any CPU.ActiveCfg = Release|Any CPU
		{77D7BFA0-C497-4AC0-A8F4-91C46D8809DD}.Release|Any CPU.Build.0 = Release|Any CPU
	EndGlobalSection
	GlobalSection(SolutionProperties) = preSolution
		HideSolutionNode = FALSE
	EndGlobalSection
	GlobalSection(ExtensibilityGlobals) = postSolution
		SolutionGuid = {658E36CB-CBE6-496A-8CF6-D69DB473F967}
	EndGlobalSection
EndGlobal
